// !$*UTF8*$!
{
	archiveVersion = 1;
	classes = {
	};
	objectVersion = 50;
	objects = {

/* Begin PBXBuildFile section */
		57FB761D2397F55600363E40 /* AppDelegate.swift in Sources */ = {isa = PBXBuildFile; fileRef = 57FB761C2397F55600363E40 /* AppDelegate.swift */; };
		57FB761F2397F55600363E40 /* SceneDelegate.swift in Sources */ = {isa = PBXBuildFile; fileRef = 57FB761E2397F55600363E40 /* SceneDelegate.swift */; };
		57FB76212397F55600363E40 /* ViewController.swift in Sources */ = {isa = PBXBuildFile; fileRef = 57FB76202397F55600363E40 /* ViewController.swift */; };
		57FB76242397F55600363E40 /* Main.storyboard in Resources */ = {isa = PBXBuildFile; fileRef = 57FB76222397F55600363E40 /* Main.storyboard */; };
		57FB76262397F55800363E40 /* Assets.xcassets in Resources */ = {isa = PBXBuildFile; fileRef = 57FB76252397F55800363E40 /* Assets.xcassets */; };
		57FB76292397F55800363E40 /* LaunchScreen.storyboard in Resources */ = {isa = PBXBuildFile; fileRef = 57FB76272397F55800363E40 /* LaunchScreen.storyboard */; };
		57FB76342397F55800363E40 /* OMDBTests.swift in Sources */ = {isa = PBXBuildFile; fileRef = 57FB76332397F55800363E40 /* OMDBTests.swift */; };
/* End PBXBuildFile section */

/* Begin PBXContainerItemProxy section */
		57FB76302397F55800363E40 /* PBXContainerItemProxy */ = {
			isa = PBXContainerItemProxy;
			containerPortal = 57FB76112397F55600363E40 /* Project object */;
			proxyType = 1;
			remoteGlobalIDString = 57FB76182397F55600363E40;
			remoteInfo = OMDB;
		};
/* End PBXContainerItemProxy section */

/* Begin PBXFileReference section */
		57FB76192397F55600363E40 /* OMDB.app */ = {isa = PBXFileReference; explicitFileType = wrapper.application; includeInIndex = 0; path = OMDB.app; sourceTree = BUILT_PRODUCTS_DIR; };
		57FB761C2397F55600363E40 /* AppDelegate.swift */ = {isa = PBXFileReference; lastKnownFileType = sourcecode.swift; path = AppDelegate.swift; sourceTree = "<group>"; };
		57FB761E2397F55600363E40 /* SceneDelegate.swift */ = {isa = PBXFileReference; lastKnownFileType = sourcecode.swift; path = SceneDelegate.swift; sourceTree = "<group>"; };
		57FB76202397F55600363E40 /* ViewController.swift */ = {isa = PBXFileReference; lastKnownFileType = sourcecode.swift; path = ViewController.swift; sourceTree = "<group>"; };
		57FB76232397F55600363E40 /* Base */ = {isa = PBXFileReference; lastKnownFileType = file.storyboard; name = Base; path = Base.lproj/Main.storyboard; sourceTree = "<group>"; };
		57FB76252397F55800363E40 /* Assets.xcassets */ = {isa = PBXFileReference; lastKnownFileType = folder.assetcatalog; path = Assets.xcassets; sourceTree = "<group>"; };
		57FB76282397F55800363E40 /* Base */ = {isa = PBXFileReference; lastKnownFileType = file.storyboard; name = Base; path = Base.lproj/LaunchScreen.storyboard; sourceTree = "<group>"; };
		57FB762A2397F55800363E40 /* Info.plist */ = {isa = PBXFileReference; lastKnownFileType = text.plist.xml; path = Info.plist; sourceTree = "<group>"; };
		57FB762F2397F55800363E40 /* OMDBTests.xctest */ = {isa = PBXFileReference; explicitFileType = wrapper.cfbundle; includeInIndex = 0; path = OMDBTests.xctest; sourceTree = BUILT_PRODUCTS_DIR; };
		57FB76332397F55800363E40 /* OMDBTests.swift */ = {isa = PBXFileReference; lastKnownFileType = sourcecode.swift; path = OMDBTests.swift; sourceTree = "<group>"; };
		57FB76352397F55800363E40 /* Info.plist */ = {isa = PBXFileReference; lastKnownFileType = text.plist.xml; path = Info.plist; sourceTree = "<group>"; };
/* End PBXFileReference section */

/* Begin PBXFrameworksBuildPhase section */
		57FB76162397F55600363E40 /* Frameworks */ = {
			isa = PBXFrameworksBuildPhase;
			buildActionMask = 2147483647;
			files = (
			);
			runOnlyForDeploymentPostprocessing = 0;
		};
		57FB762C2397F55800363E40 /* Frameworks */ = {
			isa = PBXFrameworksBuildPhase;
			buildActionMask = 2147483647;
			files = (
			);
			runOnlyForDeploymentPostprocessing = 0;
		};
/* End PBXFrameworksBuildPhase section */

/* Begin PBXGroup section */
		57FB76102397F55600363E40 = {
			isa = PBXGroup;
			children = (
				57FB761B2397F55600363E40 /* OMDB */,
				57FB76322397F55800363E40 /* OMDBTests */,
				57FB761A2397F55600363E40 /* Products */,
			);
			sourceTree = "<group>";
		};
		57FB761A2397F55600363E40 /* Products */ = {
			isa = PBXGroup;
			children = (
				57FB76192397F55600363E40 /* OMDB.app */,
				57FB762F2397F55800363E40 /* OMDBTests.xctest */,
			);
			name = Products;
			sourceTree = "<group>";
		};
		57FB761B2397F55600363E40 /* OMDB */ = {
			isa = PBXGroup;
			children = (
				57FB761C2397F55600363E40 /* AppDelegate.swift */,
				57FB761E2397F55600363E40 /* SceneDelegate.swift */,
				57FB76202397F55600363E40 /* ViewController.swift */,
				57FB76222397F55600363E40 /* Main.storyboard */,
				57FB76252397F55800363E40 /* Assets.xcassets */,
				57FB76272397F55800363E40 /* LaunchScreen.storyboard */,
				57FB762A2397F55800363E40 /* Info.plist */,
			);
			path = OMDB;
			sourceTree = "<group>";
		};
		57FB76322397F55800363E40 /* OMDBTests */ = {
			isa = PBXGroup;
			children = (
				57FB76332397F55800363E40 /* OMDBTests.swift */,
				57FB76352397F55800363E40 /* Info.plist */,
			);
			path = OMDBTests;
			sourceTree = "<group>";
		};
/* End PBXGroup section */

/* Begin PBXNativeTarget section */
		57FB76182397F55600363E40 /* OMDB */ = {
			isa = PBXNativeTarget;
			buildConfigurationList = 57FB76382397F55800363E40 /* Build configuration list for PBXNativeTarget "OMDB" */;
			buildPhases = (
				57FB76152397F55600363E40 /* Sources */,
				57FB76162397F55600363E40 /* Frameworks */,
				57FB76172397F55600363E40 /* Resources */,
			);
			buildRules = (
			);
			dependencies = (
			);
			name = OMDB;
			productName = OMDB;
			productReference = 57FB76192397F55600363E40 /* OMDB.app */;
			productType = "com.apple.product-type.application";
		};
		57FB762E2397F55800363E40 /* OMDBTests */ = {
			isa = PBXNativeTarget;
			buildConfigurationList = 57FB763B2397F55800363E40 /* Build configuration list for PBXNativeTarget "OMDBTests" */;
			buildPhases = (
				57FB762B2397F55800363E40 /* Sources */,
				57FB762C2397F55800363E40 /* Frameworks */,
				57FB762D2397F55800363E40 /* Resources */,
			);
			buildRules = (
			);
			dependencies = (
				57FB76312397F55800363E40 /* PBXTargetDependency */,
			);
			name = OMDBTests;
			productName = OMDBTests;
			productReference = 57FB762F2397F55800363E40 /* OMDBTests.xctest */;
			productType = "com.apple.product-type.bundle.unit-test";
		};
/* End PBXNativeTarget section */

/* Begin PBXProject section */
		57FB76112397F55600363E40 /* Project object */ = {
			isa = PBXProject;
			attributes = {
				LastSwiftUpdateCheck = 1120;
				LastUpgradeCheck = 1120;
				ORGANIZATIONNAME = "Coding Blocks";
				TargetAttributes = {
					57FB76182397F55600363E40 = {
						CreatedOnToolsVersion = 11.2.1;
					};
					57FB762E2397F55800363E40 = {
						CreatedOnToolsVersion = 11.2.1;
						TestTargetID = 57FB76182397F55600363E40;
					};
				};
			};
			buildConfigurationList = 57FB76142397F55600363E40 /* Build configuration list for PBXProject "OMDB" */;
			compatibilityVersion = "Xcode 9.3";
			developmentRegion = en;
			hasScannedForEncodings = 0;
			knownRegions = (
				en,
				Base,
			);
			mainGroup = 57FB76102397F55600363E40;
			productRefGroup = 57FB761A2397F55600363E40 /* Products */;
			projectDirPath = "";
			projectRoot = "";
			targets = (
				57FB76182397F55600363E40 /* OMDB */,
				57FB762E2397F55800363E40 /* OMDBTests */,
			);
		};
/* End PBXProject section */

/* Begin PBXResourcesBuildPhase section */
		57FB76172397F55600363E40 /* Resources */ = {
			isa = PBXResourcesBuildPhase;
			buildActionMask = 2147483647;
			files = (
				57FB76292397F55800363E40 /* LaunchScreen.storyboard in Resources */,
				57FB76262397F55800363E40 /* Assets.xcassets in Resources */,
				57FB76242397F55600363E40 /* Main.storyboard in Resources */,
			);
			runOnlyForDeploymentPostprocessing = 0;
		};
		57FB762D2397F55800363E40 /* Resources */ = {
			isa = PBXResourcesBuildPhase;
			buildActionMask = 2147483647;
			files = (
			);
			runOnlyForDeploymentPostprocessing = 0;
		};
/* End PBXResourcesBuildPhase section */

/* Begin PBXSourcesBuildPhase section */
		57FB76152397F55600363E40 /* Sources */ = {
			isa = PBXSourcesBuildPhase;
			buildActionMask = 2147483647;
			files = (
				57FB76212397F55600363E40 /* ViewController.swift in Sources */,
				57FB761D2397F55600363E40 /* AppDelegate.swift in Sources */,
				57FB761F2397F55600363E40 /* SceneDelegate.swift in Sources */,
			);
			runOnlyForDeploymentPostprocessing = 0;
		};
		57FB762B2397F55800363E40 /* Sources */ = {
			isa = PBXSourcesBuildPhase;
			buildActionMask = 2147483647;
			files = (
				57FB76342397F55800363E40 /* OMDBTests.swift in Sources */,
			);
			runOnlyForDeploymentPostprocessing = 0;
		};
/* End PBXSourcesBuildPhase section */

/* Begin PBXTargetDependency section */
		57FB76312397F55800363E40 /* PBXTargetDependency */ = {
			isa = PBXTargetDependency;
			target = 57FB76182397F55600363E40 /* OMDB */;
			targetProxy = 57FB76302397F55800363E40 /* PBXContainerItemProxy */;
		};
/* End PBXTargetDependency section */

/* Begin PBXVariantGroup section */
		57FB76222397F55600363E40 /* Main.storyboard */ = {
			isa = PBXVariantGroup;
			children = (
				57FB76232397F55600363E40 /* Base */,
			);
			name = Main.storyboard;
			sourceTree = "<group>";
		};
		57FB76272397F55800363E40 /* LaunchScreen.storyboard */ = {
			isa = PBXVariantGroup;
			children = (
				57FB76282397F55800363E40 /* Base */,
			);
			name = LaunchScreen.storyboard;
			sourceTree = "<group>";
		};
/* End PBXVariantGroup section */

/* Begin XCBuildConfiguration section */
		57FB76362397F55800363E40 /* Debug */ = {
			isa = XCBuildConfiguration;
			buildSettings = {
				ALWAYS_SEARCH_USER_PATHS = NO;
				CLANG_ANALYZER_NONNULL = YES;
				CLANG_ANALYZER_NUMBER_OBJECT_CONVERSION = YES_AGGRESSIVE;
				CLANG_CXX_LANGUAGE_STANDARD = "gnu++14";
				CLANG_CXX_LIBRARY = "libc++";
				CLANG_ENABLE_MODULES = YES;
				CLANG_ENABLE_OBJC_ARC = YES;
				CLANG_ENABLE_OBJC_WEAK = YES;
				CLANG_WARN_BLOCK_CAPTURE_AUTORELEASING = YES;
				CLANG_WARN_BOOL_CONVERSION = YES;
				CLANG_WARN_COMMA = YES;
				CLANG_WARN_CONSTANT_CONVERSION = YES;
				CLANG_WARN_DEPRECATED_OBJC_IMPLEMENTATIONS = YES;
				CLANG_WARN_DIRECT_OBJC_ISA_USAGE = YES_ERROR;
				CLANG_WARN_DOCUMENTATION_COMMENTS = YES;
				CLANG_WARN_EMPTY_BODY = YES;
				CLANG_WARN_ENUM_CONVERSION = YES;
				CLANG_WARN_INFINITE_RECURSION = YES;
				CLANG_WARN_INT_CONVERSION = YES;
				CLANG_WARN_NON_LITERAL_NULL_CONVERSION = YES;
				CLANG_WARN_OBJC_IMPLICIT_RETAIN_SELF = YES;
				CLANG_WARN_OBJC_LITERAL_CONVERSION = YES;
				CLANG_WARN_OBJC_ROOT_CLASS = YES_ERROR;
				CLANG_WARN_RANGE_LOOP_ANALYSIS = YES;
				CLANG_WARN_STRICT_PROTOTYPES = YES;
				CLANG_WARN_SUSPICIOUS_MOVE = YES;
				CLANG_WARN_UNGUARDED_AVAILABILITY = YES_AGGRESSIVE;
				CLANG_WARN_UNREACHABLE_CODE = YES;
				CLANG_WARN__DUPLICATE_METHOD_MATCH = YES;
				COPY_PHASE_STRIP = NO;
				DEBUG_INFORMATION_FORMAT = dwarf;
				ENABLE_STRICT_OBJC_MSGSEND = YES;
				ENABLE_TESTABILITY = YES;
				GCC_C_LANGUAGE_STANDARD = gnu11;
				GCC_DYNAMIC_NO_PIC = NO;
				GCC_NO_COMMON_BLOCKS = YES;
				GCC_OPTIMIZATION_LEVEL = 0;
				GCC_PREPROCESSOR_DEFINITIONS = (
					"DEBUG=1",
					"$(inherited)",
				);
				GCC_WARN_64_TO_32_BIT_CONVERSION = YES;
				GCC_WARN_ABOUT_RETURN_TYPE = YES_ERROR;
				GCC_WARN_UNDECLARED_SELECTOR = YES;
				GCC_WARN_UNINITIALIZED_AUTOS = YES_AGGRESSIVE;
				GCC_WARN_UNUSED_FUNCTION = YES;
				GCC_WARN_UNUSED_VARIABLE = YES;
				IPHONEOS_DEPLOYMENT_TARGET = 13.2;
				MTL_ENABLE_DEBUG_INFO = INCLUDE_SOURCE;
				MTL_FAST_MATH = YES;
				ONLY_ACTIVE_ARCH = YES;
				SDKROOT = iphoneos;
				SWIFT_ACTIVE_COMPILATION_CONDITIONS = DEBUG;
				SWIFT_OPTIMIZATION_LEVEL = "-Onone";
			};
			name = Debug;
		};
		57FB76372397F55800363E40 /* Release */ = {
			isa = XCBuildConfiguration;
			buildSettings = {
				ALWAYS_SEARCH_USER_PATHS = NO;
				CLANG_ANALYZER_NONNULL = YES;
				CLANG_ANALYZER_NUMBER_OBJECT_CONVERSION = YES_AGGRESSIVE;
				CLANG_CXX_LANGUAGE_STANDARD = "gnu++14";
				CLANG_CXX_LIBRARY = "libc++";
				CLANG_ENABLE_MODULES = YES;
				CLANG_ENABLE_OBJC_ARC = YES;
				CLANG_ENABLE_OBJC_WEAK = YES;
				CLANG_WARN_BLOCK_CAPTURE_AUTORELEASING = YES;
				CLANG_WARN_BOOL_CONVERSION = YES;
				CLANG_WARN_COMMA = YES;
				CLANG_WARN_CONSTANT_CONVERSION = YES;
				CLANG_WARN_DEPRECATED_OBJC_IMPLEMENTATIONS = YES;
				CLANG_WARN_DIRECT_OBJC_ISA_USAGE = YES_ERROR;
				CLANG_WARN_DOCUMENTATION_COMMENTS = YES;
				CLANG_WARN_EMPTY_BODY = YES;
				CLANG_WARN_ENUM_CONVERSION = YES;
				CLANG_WARN_INFINITE_RECURSION = YES;
				CLANG_WARN_INT_CONVERSION = YES;
				CLANG_WARN_NON_LITERAL_NULL_CONVERSION = YES;
				CLANG_WARN_OBJC_IMPLICIT_RETAIN_SELF = YES;
				CLANG_WARN_OBJC_LITERAL_CONVERSION = YES;
				CLANG_WARN_OBJC_ROOT_CLASS = YES_ERROR;
				CLANG_WARN_RANGE_LOOP_ANALYSIS = YES;
				CLANG_WARN_STRICT_PROTOTYPES = YES;
				CLANG_WARN_SUSPICIOUS_MOVE = YES;
				CLANG_WARN_UNGUARDED_AVAILABILITY = YES_AGGRESSIVE;
				CLANG_WARN_UNREACHABLE_CODE = YES;
				CLANG_WARN__DUPLICATE_METHOD_MATCH = YES;
				COPY_PHASE_STRIP = NO;
				DEBUG_INFORMATION_FORMAT = "dwarf-with-dsym";
				ENABLE_NS_ASSERTIONS = NO;
				ENABLE_STRICT_OBJC_MSGSEND = YES;
				GCC_C_LANGUAGE_STANDARD = gnu11;
				GCC_NO_COMMON_BLOCKS = YES;
				GCC_WARN_64_TO_32_BIT_CONVERSION = YES;
				GCC_WARN_ABOUT_RETURN_TYPE = YES_ERROR;
				GCC_WARN_UNDECLARED_SELECTOR = YES;
				GCC_WARN_UNINITIALIZED_AUTOS = YES_AGGRESSIVE;
				GCC_WARN_UNUSED_FUNCTION = YES;
				GCC_WARN_UNUSED_VARIABLE = YES;
				IPHONEOS_DEPLOYMENT_TARGET = 13.2;
				MTL_ENABLE_DEBUG_INFO = NO;
				MTL_FAST_MATH = YES;
				SDKROOT = iphoneos;
				SWIFT_COMPILATION_MODE = wholemodule;
				SWIFT_OPTIMIZATION_LEVEL = "-O";
				VALIDATE_PRODUCT = YES;
			};
			name = Release;
		};
		57FB76392397F55800363E40 /* Debug */ = {
			isa = XCBuildConfiguration;
			buildSettings = {
				ASSETCATALOG_COMPILER_APPICON_NAME = AppIcon;
				CODE_SIGN_STYLE = Automatic;
				DEVELOPMENT_TEAM = BXD5262846;
				INFOPLIST_FILE = OMDB/Info.plist;
				LD_RUNPATH_SEARCH_PATHS = (
					"$(inherited)",
					"@executable_path/Frameworks",
				);
				PRODUCT_BUNDLE_IDENTIFIER = com.marsplay.OMDB;
				PRODUCT_NAME = "$(TARGET_NAME)";
				SWIFT_VERSION = 5.0;
				TARGETED_DEVICE_FAMILY = "1,2";
			};
			name = Debug;
		};
		57FB763A2397F55800363E40 /* Release */ = {
			isa = XCBuildConfiguration;
			buildSettings = {
				ASSETCATALOG_COMPILER_APPICON_NAME = AppIcon;
				CODE_SIGN_STYLE = Automatic;
				DEVELOPMENT_TEAM = BXD5262846;
				INFOPLIST_FILE = OMDB/Info.plist;
				LD_RUNPATH_SEARCH_PATHS = (
					"$(inherited)",
					"@executable_path/Frameworks",
				);
				PRODUCT_BUNDLE_IDENTIFIER = com.marsplay.OMDB;
				PRODUCT_NAME = "$(TARGET_NAME)";
				SWIFT_VERSION = 5.0;
				TARGETED_DEVICE_FAMILY = "1,2";
			};
			name = Release;
		};
		57FB763C2397F55800363E40 /* Debug */ = {
			isa = XCBuildConfiguration;
			buildSettings = {
				ALWAYS_EMBED_SWIFT_STANDARD_LIBRARIES = YES;
				BUNDLE_LOADER = "$(TEST_HOST)";
				CODE_SIGN_STYLE = Automatic;
				DEVELOPMENT_TEAM = BXD5262846;
				INFOPLIST_FILE = OMDBTests/Info.plist;
				IPHONEOS_DEPLOYMENT_TARGET = 13.2;
				LD_RUNPATH_SEARCH_PATHS = (
					"$(inherited)",
					"@executable_path/Frameworks",
					"@loader_path/Frameworks",
				);
				PRODUCT_BUNDLE_IDENTIFIER = com.marsplay.OMDBTests;
				PRODUCT_NAME = "$(TARGET_NAME)";
				SWIFT_VERSION = 5.0;
				TARGETED_DEVICE_FAMILY = "1,2";
				TEST_HOST = "$(BUILT_PRODUCTS_DIR)/OMDB.app/OMDB";
			};
			name = Debug;
		};
		57FB763D2397F55800363E40 /* Release */ = {
			isa = XCBuildConfiguration;
			buildSettings = {
				ALWAYS_EMBED_SWIFT_STANDARD_LIBRARIES = YES;
				BUNDLE_LOADER = "$(TEST_HOST)";
				CODE_SIGN_STYLE = Automatic;
				DEVELOPMENT_TEAM = BXD5262846;
				INFOPLIST_FILE = OMDBTests/Info.plist;
				IPHONEOS_DEPLOYMENT_TARGET = 13.2;
				LD_RUNPATH_SEARCH_PATHS = (
					"$(inherited)",
					"@executable_path/Frameworks",
					"@loader_path/Frameworks",
				);
				PRODUCT_BUNDLE_IDENTIFIER = com.marsplay.OMDBTests;
				PRODUCT_NAME = "$(TARGET_NAME)";
				SWIFT_VERSION = 5.0;
				TARGETED_DEVICE_FAMILY = "1,2";
				TEST_HOST = "$(BUILT_PRODUCTS_DIR)/OMDB.app/OMDB";
			};
			name = Release;
		};
/* End XCBuildConfiguration section */

/* Begin XCConfigurationList section */
		57FB76142397F55600363E40 /* Build configuration list for PBXProject "OMDB" */ = {
			isa = XCConfigurationList;
			buildConfigurations = (
				57FB76362397F55800363E40 /* Debug */,
				57FB76372397F55800363E40 /* Release */,
			);
			defaultConfigurationIsVisible = 0;
			defaultConfigurationName = Release;
		};
		57FB76382397F55800363E40 /* Build configuration list for PBXNativeTarget "OMDB" */ = {
			isa = XCConfigurationList;
			buildConfigurations = (
				57FB76392397F55800363E40 /* Debug */,
				57FB763A2397F55800363E40 /* Release */,
			);
			defaultConfigurationIsVisible = 0;
			defaultConfigurationName = Release;
		};
		57FB763B2397F55800363E40 /* Build configuration list for PBXNativeTarget "OMDBTests" */ = {
			isa = XCConfigurationList;
			buildConfigurations = (
				57FB763C2397F55800363E40 /* Debug */,
				57FB763D2397F55800363E40 /* Release */,
			);
			defaultConfigurationIsVisible = 0;
			defaultConfigurationName = Release;
		};
/* End XCConfigurationList section */
	};
	rootObject = 57FB76112397F55600363E40 /* Project object */;
}
